
Microsoft Visual Studio Solution File, Format Version 12.00
# Visual Studio Version 17
VisualStudioVersion = 17.9.34701.34
MinimumVisualStudioVersion = 10.0.40219.1
Project("{FAE04EC0-301F-11D3-BF4B-00C04F79EFBC}") = "AppBibliotecaWebG2", "AppBibliotecaWebG2\AppBibliotecaWebG2.csproj", "{ED200CAA-38DD-450C-A525-33A60617FD6B}"
EndProject
Global
	GlobalSection(SolutionConfigurationPlatforms) = preSolution
		Debug|Any CPU = Debug|Any CPU
		Release|Any CPU = Release|Any CPU
	EndGlobalSection
	GlobalSection(ProjectConfigurationPlatforms) = postSolution
		{ED200CAA-38DD-450C-A525-33A60617FD6B}.Debug|Any CPU.ActiveCfg = Debug|Any CPU
		{ED200CAA-38DD-450C-A525-33A60617FD6B}.Debug|Any CPU.Build.0 = Debug|Any CPU
		{ED200CAA-38DD-450C-A525-33A60617FD6B}.Release|Any CPU.ActiveCfg = Release|Any CPU
		{ED200CAA-38DD-450C-A525-33A60617FD6B}.Release|Any CPU.Build.0 = Release|Any CPU
	EndGlobalSection
	GlobalSection(SolutionProperties) = preSolution
		HideSolutionNode = FALSE
	EndGlobalSection
	GlobalSection(ExtensibilityGlobals) = postSolution
		SolutionGuid = {1E5566C7-4DFB-4E72-8844-9D519DD48189}
	EndGlobalSection
EndGlobal
